// !$*UTF8*$!
{
	archiveVersion = 1;
	classes = {
	};
	objectVersion = 46;
	objects = {

/* Begin PBXBuildFile section */
		76BB16AE689F375D767B9E2E /* Pods_instagram.framework in Frameworks */ = {isa = PBXBuildFile; fileRef = 3E8949BB08A4EAD08831F123 /* Pods_instagram.framework */; };
		A6CE59C04567129991671FCF /* Pods_instagramTests.framework in Frameworks */ = {isa = PBXBuildFile; fileRef = CA01B15435AEE0DA7F4FBCDC /* Pods_instagramTests.framework */; };
		D4013C8EFAC03680FCC82901 /* Pods_instagramUITests.framework in Frameworks */ = {isa = PBXBuildFile; fileRef = 59A7C4A9C1B6BEF7456D1410 /* Pods_instagramUITests.framework */; };
		F94012EC1F046617001B4ECF /* Post.swift in Sources */ = {isa = PBXBuildFile; fileRef = F94012EB1F046617001B4ECF /* Post.swift */; };
		F94012EE1F046730001B4ECF /* InstaCell.swift in Sources */ = {isa = PBXBuildFile; fileRef = F94012ED1F046730001B4ECF /* InstaCell.swift */; };
		F94012F01F05630E001B4ECF /* DetailViewController.swift in Sources */ = {isa = PBXBuildFile; fileRef = F94012EF1F05630E001B4ECF /* DetailViewController.swift */; };
		F94012F41F05C5C9001B4ECF /* ComposeViewController.swift in Sources */ = {isa = PBXBuildFile; fileRef = F94012F31F05C5C9001B4ECF /* ComposeViewController.swift */; };
		F9FCB6891F0311A4005EDAE5 /* AppDelegate.swift in Sources */ = {isa = PBXBuildFile; fileRef = F9FCB6881F0311A4005EDAE5 /* AppDelegate.swift */; };
		F9FCB68E1F0311A4005EDAE5 /* Main.storyboard in Resources */ = {isa = PBXBuildFile; fileRef = F9FCB68C1F0311A4005EDAE5 /* Main.storyboard */; };
		F9FCB6901F0311A4005EDAE5 /* Assets.xcassets in Resources */ = {isa = PBXBuildFile; fileRef = F9FCB68F1F0311A4005EDAE5 /* Assets.xcassets */; };
		F9FCB6931F0311A4005EDAE5 /* LaunchScreen.storyboard in Resources */ = {isa = PBXBuildFile; fileRef = F9FCB6911F0311A4005EDAE5 /* LaunchScreen.storyboard */; };
		F9FCB69E1F0311A4005EDAE5 /* instagramTests.swift in Sources */ = {isa = PBXBuildFile; fileRef = F9FCB69D1F0311A4005EDAE5 /* instagramTests.swift */; };
		F9FCB6A91F0311A4005EDAE5 /* instagramUITests.swift in Sources */ = {isa = PBXBuildFile; fileRef = F9FCB6A81F0311A4005EDAE5 /* instagramUITests.swift */; };
		F9FCB6B71F031A0A005EDAE5 /* LoginViewController.swift in Sources */ = {isa = PBXBuildFile; fileRef = F9FCB6B61F031A0A005EDAE5 /* LoginViewController.swift */; };
		F9FCB6BD1F035BD5005EDAE5 /* SignUpViewController.swift in Sources */ = {isa = PBXBuildFile; fileRef = F9FCB6BC1F035BD5005EDAE5 /* SignUpViewController.swift */; };
		F9FCB6BF1F041143005EDAE5 /* MainViewController.swift in Sources */ = {isa = PBXBuildFile; fileRef = F9FCB6BE1F041143005EDAE5 /* MainViewController.swift */; };
		F9FCB6C11F042C6B005EDAE5 /* ProfileViewController.swift in Sources */ = {isa = PBXBuildFile; fileRef = F9FCB6C01F042C6B005EDAE5 /* ProfileViewController.swift */; };
/* End PBXBuildFile section */

/* Begin PBXContainerItemProxy section */
		F9FCB69A1F0311A4005EDAE5 /* PBXContainerItemProxy */ = {
			isa = PBXContainerItemProxy;
			containerPortal = F9FCB67D1F0311A4005EDAE5 /* Project object */;
			proxyType = 1;
			remoteGlobalIDString = F9FCB6841F0311A4005EDAE5;
			remoteInfo = instagram;
		};
		F9FCB6A51F0311A4005EDAE5 /* PBXContainerItemProxy */ = {
			isa = PBXContainerItemProxy;
			containerPortal = F9FCB67D1F0311A4005EDAE5 /* Project object */;
			proxyType = 1;
			remoteGlobalIDString = F9FCB6841F0311A4005EDAE5;
			remoteInfo = instagram;
		};
/* End PBXContainerItemProxy section */

/* Begin PBXFileReference section */
		3E8949BB08A4EAD08831F123 /* Pods_instagram.framework */ = {isa = PBXFileReference; explicitFileType = wrapper.framework; includeInIndex = 0; path = Pods_instagram.framework; sourceTree = BUILT_PRODUCTS_DIR; };
		4D535E1B75A54BDA3389D78F /* Pods-instagramTests.debug.xcconfig */ = {isa = PBXFileReference; includeInIndex = 1; lastKnownFileType = text.xcconfig; name = "Pods-instagramTests.debug.xcconfig"; path = "Pods/Target Support Files/Pods-instagramTests/Pods-instagramTests.debug.xcconfig"; sourceTree = "<group>"; };
		59A7C4A9C1B6BEF7456D1410 /* Pods_instagramUITests.framework */ = {isa = PBXFileReference; explicitFileType = wrapper.framework; includeInIndex = 0; path = Pods_instagramUITests.framework; sourceTree = BUILT_PRODUCTS_DIR; };
		606E298E891EA870297C083E /* Pods-instagramUITests.release.xcconfig */ = {isa = PBXFileReference; includeInIndex = 1; lastKnownFileType = text.xcconfig; name = "Pods-instagramUITests.release.xcconfig"; path = "Pods/Target Support Files/Pods-instagramUITests/Pods-instagramUITests.release.xcconfig"; sourceTree = "<group>"; };
		B5643448A8316B83B4F769E0 /* Pods-instagram.debug.xcconfig */ = {isa = PBXFileReference; includeInIndex = 1; lastKnownFileType = text.xcconfig; name = "Pods-instagram.debug.xcconfig"; path = "Pods/Target Support Files/Pods-instagram/Pods-instagram.debug.xcconfig"; sourceTree = "<group>"; };
		CA01B15435AEE0DA7F4FBCDC /* Pods_instagramTests.framework */ = {isa = PBXFileReference; explicitFileType = wrapper.framework; includeInIndex = 0; path = Pods_instagramTests.framework; sourceTree = BUILT_PRODUCTS_DIR; };
		CA264EEE66F8EABE039E4618 /* Pods-instagramTests.release.xcconfig */ = {isa = PBXFileReference; includeInIndex = 1; lastKnownFileType = text.xcconfig; name = "Pods-instagramTests.release.xcconfig"; path = "Pods/Target Support Files/Pods-instagramTests/Pods-instagramTests.release.xcconfig"; sourceTree = "<group>"; };
		D72605E6D840C87FEC5F9CA8 /* Pods-instagramUITests.debug.xcconfig */ = {isa = PBXFileReference; includeInIndex = 1; lastKnownFileType = text.xcconfig; name = "Pods-instagramUITests.debug.xcconfig"; path = "Pods/Target Support Files/Pods-instagramUITests/Pods-instagramUITests.debug.xcconfig"; sourceTree = "<group>"; };
		DF3941B45635BA6A0D5544AD /* Pods-instagram.release.xcconfig */ = {isa = PBXFileReference; includeInIndex = 1; lastKnownFileType = text.xcconfig; name = "Pods-instagram.release.xcconfig"; path = "Pods/Target Support Files/Pods-instagram/Pods-instagram.release.xcconfig"; sourceTree = "<group>"; };
		F94012EB1F046617001B4ECF /* Post.swift */ = {isa = PBXFileReference; fileEncoding = 4; lastKnownFileType = sourcecode.swift; path = Post.swift; sourceTree = "<group>"; };
		F94012ED1F046730001B4ECF /* InstaCell.swift */ = {isa = PBXFileReference; fileEncoding = 4; lastKnownFileType = sourcecode.swift; path = InstaCell.swift; sourceTree = "<group>"; };
		F94012EF1F05630E001B4ECF /* DetailViewController.swift */ = {isa = PBXFileReference; fileEncoding = 4; lastKnownFileType = sourcecode.swift; path = DetailViewController.swift; sourceTree = "<group>"; };
		F94012F31F05C5C9001B4ECF /* ComposeViewController.swift */ = {isa = PBXFileReference; fileEncoding = 4; lastKnownFileType = sourcecode.swift; path = ComposeViewController.swift; sourceTree = "<group>"; };
		F9FCB6851F0311A4005EDAE5 /* instagram.app */ = {isa = PBXFileReference; explicitFileType = wrapper.application; includeInIndex = 0; path = instagram.app; sourceTree = BUILT_PRODUCTS_DIR; };
		F9FCB6881F0311A4005EDAE5 /* AppDelegate.swift */ = {isa = PBXFileReference; lastKnownFileType = sourcecode.swift; path = AppDelegate.swift; sourceTree = "<group>"; };
		F9FCB68D1F0311A4005EDAE5 /* Base */ = {isa = PBXFileReference; lastKnownFileType = file.storyboard; name = Base; path = Base.lproj/Main.storyboard; sourceTree = "<group>"; };
		F9FCB68F1F0311A4005EDAE5 /* Assets.xcassets */ = {isa = PBXFileReference; lastKnownFileType = folder.assetcatalog; path = Assets.xcassets; sourceTree = "<group>"; };
		F9FCB6921F0311A4005EDAE5 /* Base */ = {isa = PBXFileReference; lastKnownFileType = file.storyboard; name = Base; path = Base.lproj/LaunchScreen.storyboard; sourceTree = "<group>"; };
		F9FCB6941F0311A4005EDAE5 /* Info.plist */ = {isa = PBXFileReference; lastKnownFileType = text.plist.xml; path = Info.plist; sourceTree = "<group>"; };
		F9FCB6991F0311A4005EDAE5 /* instagramTests.xctest */ = {isa = PBXFileReference; explicitFileType = wrapper.cfbundle; includeInIndex = 0; path = instagramTests.xctest; sourceTree = BUILT_PRODUCTS_DIR; };
		F9FCB69D1F0311A4005EDAE5 /* instagramTests.swift */ = {isa = PBXFileReference; lastKnownFileType = sourcecode.swift; path = instagramTests.swift; sourceTree = "<group>"; };
		F9FCB69F1F0311A4005EDAE5 /* Info.plist */ = {isa = PBXFileReference; lastKnownFileType = text.plist.xml; path = Info.plist; sourceTree = "<group>"; };
		F9FCB6A41F0311A4005EDAE5 /* instagramUITests.xctest */ = {isa = PBXFileReference; explicitFileType = wrapper.cfbundle; includeInIndex = 0; path = instagramUITests.xctest; sourceTree = BUILT_PRODUCTS_DIR; };
		F9FCB6A81F0311A4005EDAE5 /* instagramUITests.swift */ = {isa = PBXFileReference; lastKnownFileType = sourcecode.swift; path = instagramUITests.swift; sourceTree = "<group>"; };
		F9FCB6AA1F0311A4005EDAE5 /* Info.plist */ = {isa = PBXFileReference; lastKnownFileType = text.plist.xml; path = Info.plist; sourceTree = "<group>"; };
		F9FCB6B61F031A0A005EDAE5 /* LoginViewController.swift */ = {isa = PBXFileReference; fileEncoding = 4; lastKnownFileType = sourcecode.swift; path = LoginViewController.swift; sourceTree = "<group>"; };
		F9FCB6BC1F035BD5005EDAE5 /* SignUpViewController.swift */ = {isa = PBXFileReference; fileEncoding = 4; lastKnownFileType = sourcecode.swift; path = SignUpViewController.swift; sourceTree = "<group>"; };
		F9FCB6BE1F041143005EDAE5 /* MainViewController.swift */ = {isa = PBXFileReference; fileEncoding = 4; lastKnownFileType = sourcecode.swift; path = MainViewController.swift; sourceTree = "<group>"; };
		F9FCB6C01F042C6B005EDAE5 /* ProfileViewController.swift */ = {isa = PBXFileReference; fileEncoding = 4; lastKnownFileType = sourcecode.swift; path = ProfileViewController.swift; sourceTree = "<group>"; };
/* End PBXFileReference section */

/* Begin PBXFrameworksBuildPhase section */
		F9FCB6821F0311A4005EDAE5 /* Frameworks */ = {
			isa = PBXFrameworksBuildPhase;
			buildActionMask = 2147483647;
			files = (
				76BB16AE689F375D767B9E2E /* Pods_instagram.framework in Frameworks */,
			);
			runOnlyForDeploymentPostprocessing = 0;
		};
		F9FCB6961F0311A4005EDAE5 /* Frameworks */ = {
			isa = PBXFrameworksBuildPhase;
			buildActionMask = 2147483647;
			files = (
				A6CE59C04567129991671FCF /* Pods_instagramTests.framework in Frameworks */,
			);
			runOnlyForDeploymentPostprocessing = 0;
		};
		F9FCB6A11F0311A4005EDAE5 /* Frameworks */ = {
			isa = PBXFrameworksBuildPhase;
			buildActionMask = 2147483647;
			files = (
				D4013C8EFAC03680FCC82901 /* Pods_instagramUITests.framework in Frameworks */,
			);
			runOnlyForDeploymentPostprocessing = 0;
		};
/* End PBXFrameworksBuildPhase section */

/* Begin PBXGroup section */
		521F791F842837ABEE75FB9D /* Pods */ = {
			isa = PBXGroup;
			children = (
				B5643448A8316B83B4F769E0 /* Pods-instagram.debug.xcconfig */,
				DF3941B45635BA6A0D5544AD /* Pods-instagram.release.xcconfig */,
				4D535E1B75A54BDA3389D78F /* Pods-instagramTests.debug.xcconfig */,
				CA264EEE66F8EABE039E4618 /* Pods-instagramTests.release.xcconfig */,
				D72605E6D840C87FEC5F9CA8 /* Pods-instagramUITests.debug.xcconfig */,
				606E298E891EA870297C083E /* Pods-instagramUITests.release.xcconfig */,
			);
			name = Pods;
			sourceTree = "<group>";
		};
		CA1C9D80F5A11FD7C11A791A /* Frameworks */ = {
			isa = PBXGroup;
			children = (
				3E8949BB08A4EAD08831F123 /* Pods_instagram.framework */,
				CA01B15435AEE0DA7F4FBCDC /* Pods_instagramTests.framework */,
				59A7C4A9C1B6BEF7456D1410 /* Pods_instagramUITests.framework */,
			);
			name = Frameworks;
			sourceTree = "<group>";
		};
		F94012EA1F043404001B4ECF /* Views */ = {
			isa = PBXGroup;
			children = (
				F9FCB6BC1F035BD5005EDAE5 /* SignUpViewController.swift */,
				F9FCB6B61F031A0A005EDAE5 /* LoginViewController.swift */,
				F9FCB6BE1F041143005EDAE5 /* MainViewController.swift */,
				F9FCB6C01F042C6B005EDAE5 /* ProfileViewController.swift */,
				F94012EF1F05630E001B4ECF /* DetailViewController.swift */,
				F94012F31F05C5C9001B4ECF /* ComposeViewController.swift */,
			);
			name = Views;
			sourceTree = "<group>";
		};
		F9FCB67C1F0311A4005EDAE5 = {
			isa = PBXGroup;
			children = (
				F9FCB6871F0311A4005EDAE5 /* instagram */,
				F9FCB69C1F0311A4005EDAE5 /* instagramTests */,
				F9FCB6A71F0311A4005EDAE5 /* instagramUITests */,
				F9FCB6861F0311A4005EDAE5 /* Products */,
				521F791F842837ABEE75FB9D /* Pods */,
				CA1C9D80F5A11FD7C11A791A /* Frameworks */,
			);
			sourceTree = "<group>";
		};
		F9FCB6861F0311A4005EDAE5 /* Products */ = {
			isa = PBXGroup;
			children = (
				F9FCB6851F0311A4005EDAE5 /* instagram.app */,
				F9FCB6991F0311A4005EDAE5 /* instagramTests.xctest */,
				F9FCB6A41F0311A4005EDAE5 /* instagramUITests.xctest */,
			);
			name = Products;
			sourceTree = "<group>";
		};
		F9FCB6871F0311A4005EDAE5 /* instagram */ = {
			isa = PBXGroup;
			children = (
				F94012EA1F043404001B4ECF /* Views */,
				F9FCB6881F0311A4005EDAE5 /* AppDelegate.swift */,
				F9FCB68C1F0311A4005EDAE5 /* Main.storyboard */,
				F9FCB68F1F0311A4005EDAE5 /* Assets.xcassets */,
				F9FCB6911F0311A4005EDAE5 /* LaunchScreen.storyboard */,
				F9FCB6941F0311A4005EDAE5 /* Info.plist */,
				F94012EB1F046617001B4ECF /* Post.swift */,
				F94012ED1F046730001B4ECF /* InstaCell.swift */,
			);
			path = instagram;
			sourceTree = "<group>";
		};
		F9FCB69C1F0311A4005EDAE5 /* instagramTests */ = {
			isa = PBXGroup;
			children = (
				F9FCB69D1F0311A4005EDAE5 /* instagramTests.swift */,
				F9FCB69F1F0311A4005EDAE5 /* Info.plist */,
			);
			path = instagramTests;
			sourceTree = "<group>";
		};
		F9FCB6A71F0311A4005EDAE5 /* instagramUITests */ = {
			isa = PBXGroup;
			children = (
				F9FCB6A81F0311A4005EDAE5 /* instagramUITests.swift */,
				F9FCB6AA1F0311A4005EDAE5 /* Info.plist */,
			);
			path = instagramUITests;
			sourceTree = "<group>";
		};
/* End PBXGroup section */

/* Begin PBXNativeTarget section */
		F9FCB6841F0311A4005EDAE5 /* instagram */ = {
			isa = PBXNativeTarget;
			buildConfigurationList = F9FCB6AD1F0311A4005EDAE5 /* Build configuration list for PBXNativeTarget "instagram" */;
			buildPhases = (
				3524E44597559D6E5025524A /* [CP] Check Pods Manifest.lock */,
				F9FCB6811F0311A4005EDAE5 /* Sources */,
				F9FCB6821F0311A4005EDAE5 /* Frameworks */,
				F9FCB6831F0311A4005EDAE5 /* Resources */,
				FFAA82D71B5AC73C3A03A530 /* [CP] Embed Pods Frameworks */,
				A0C2D6931CE3FCAA39F80CAB /* [CP] Copy Pods Resources */,
			);
			buildRules = (
			);
			dependencies = (
			);
			name = instagram;
			productName = instagram;
			productReference = F9FCB6851F0311A4005EDAE5 /* instagram.app */;
			productType = "com.apple.product-type.application";
		};
		F9FCB6981F0311A4005EDAE5 /* instagramTests */ = {
			isa = PBXNativeTarget;
			buildConfigurationList = F9FCB6B01F0311A4005EDAE5 /* Build configuration list for PBXNativeTarget "instagramTests" */;
			buildPhases = (
				3DC8530EB953EE347A862E2D /* [CP] Check Pods Manifest.lock */,
				F9FCB6951F0311A4005EDAE5 /* Sources */,
				F9FCB6961F0311A4005EDAE5 /* Frameworks */,
				F9FCB6971F0311A4005EDAE5 /* Resources */,
				30517424A516C02736EAD655 /* [CP] Embed Pods Frameworks */,
				61D201EA7F312B4AC5097D6C /* [CP] Copy Pods Resources */,
			);
			buildRules = (
			);
			dependencies = (
				F9FCB69B1F0311A4005EDAE5 /* PBXTargetDependency */,
			);
			name = instagramTests;
			productName = instagramTests;
			productReference = F9FCB6991F0311A4005EDAE5 /* instagramTests.xctest */;
			productType = "com.apple.product-type.bundle.unit-test";
		};
		F9FCB6A31F0311A4005EDAE5 /* instagramUITests */ = {
			isa = PBXNativeTarget;
			buildConfigurationList = F9FCB6B31F0311A4005EDAE5 /* Build configuration list for PBXNativeTarget "instagramUITests" */;
			buildPhases = (
				BCB7B89B593D34562F44CEE4 /* [CP] Check Pods Manifest.lock */,
				F9FCB6A01F0311A4005EDAE5 /* Sources */,
				F9FCB6A11F0311A4005EDAE5 /* Frameworks */,
				F9FCB6A21F0311A4005EDAE5 /* Resources */,
				603579EF2DEE0CA56A23D3F0 /* [CP] Embed Pods Frameworks */,
				C3C7F3960567C23AA04653EB /* [CP] Copy Pods Resources */,
			);
			buildRules = (
			);
			dependencies = (
				F9FCB6A61F0311A4005EDAE5 /* PBXTargetDependency */,
			);
			name = instagramUITests;
			productName = instagramUITests;
			productReference = F9FCB6A41F0311A4005EDAE5 /* instagramUITests.xctest */;
			productType = "com.apple.product-type.bundle.ui-testing";
		};
/* End PBXNativeTarget section */

/* Begin PBXProject section */
		F9FCB67D1F0311A4005EDAE5 /* Project object */ = {
			isa = PBXProject;
			attributes = {
				LastSwiftUpdateCheck = 0830;
				LastUpgradeCheck = 0830;
				ORGANIZATIONNAME = "Chavane Minto";
				TargetAttributes = {
					F9FCB6841F0311A4005EDAE5 = {
						CreatedOnToolsVersion = 8.3.2;
						DevelopmentTeam = 8X82DZHRTK;
						ProvisioningStyle = Automatic;
					};
					F9FCB6981F0311A4005EDAE5 = {
						CreatedOnToolsVersion = 8.3.2;
						ProvisioningStyle = Automatic;
						TestTargetID = F9FCB6841F0311A4005EDAE5;
					};
					F9FCB6A31F0311A4005EDAE5 = {
						CreatedOnToolsVersion = 8.3.2;
						ProvisioningStyle = Automatic;
						TestTargetID = F9FCB6841F0311A4005EDAE5;
					};
				};
			};
			buildConfigurationList = F9FCB6801F0311A4005EDAE5 /* Build configuration list for PBXProject "instagram" */;
			compatibilityVersion = "Xcode 3.2";
			developmentRegion = English;
			hasScannedForEncodings = 0;
			knownRegions = (
				en,
				Base,
			);
			mainGroup = F9FCB67C1F0311A4005EDAE5;
			productRefGroup = F9FCB6861F0311A4005EDAE5 /* Products */;
			projectDirPath = "";
			projectRoot = "";
			targets = (
				F9FCB6841F0311A4005EDAE5 /* instagram */,
				F9FCB6981F0311A4005EDAE5 /* instagramTests */,
				F9FCB6A31F0311A4005EDAE5 /* instagramUITests */,
			);
		};
/* End PBXProject section */

/* Begin PBXResourcesBuildPhase section */
		F9FCB6831F0311A4005EDAE5 /* Resources */ = {
			isa = PBXResourcesBuildPhase;
			buildActionMask = 2147483647;
			files = (
				F9FCB6931F0311A4005EDAE5 /* LaunchScreen.storyboard in Resources */,
				F9FCB6901F0311A4005EDAE5 /* Assets.xcassets in Resources */,
				F9FCB68E1F0311A4005EDAE5 /* Main.storyboard in Resources */,
			);
			runOnlyForDeploymentPostprocessing = 0;
		};
		F9FCB6971F0311A4005EDAE5 /* Resources */ = {
			isa = PBXResourcesBuildPhase;
			buildActionMask = 2147483647;
			files = (
			);
			runOnlyForDeploymentPostprocessing = 0;
		};
		F9FCB6A21F0311A4005EDAE5 /* Resources */ = {
			isa = PBXResourcesBuildPhase;
			buildActionMask = 2147483647;
			files = (
			);
			runOnlyForDeploymentPostprocessing = 0;
		};
/* End PBXResourcesBuildPhase section */

/* Begin PBXShellScriptBuildPhase section */
		30517424A516C02736EAD655 /* [CP] Embed Pods Frameworks */ = {
			isa = PBXShellScriptBuildPhase;
			buildActionMask = 2147483647;
			files = (
			);
			inputPaths = (
			);
			name = "[CP] Embed Pods Frameworks";
			outputPaths = (
			);
			runOnlyForDeploymentPostprocessing = 0;
			shellPath = /bin/sh;
			shellScript = "\"${SRCROOT}/Pods/Target Support Files/Pods-instagramTests/Pods-instagramTests-frameworks.sh\"\n";
			showEnvVarsInLog = 0;
		};
		3524E44597559D6E5025524A /* [CP] Check Pods Manifest.lock */ = {
			isa = PBXShellScriptBuildPhase;
			buildActionMask = 2147483647;
			files = (
			);
			inputPaths = (
			);
			name = "[CP] Check Pods Manifest.lock";
			outputPaths = (
			);
			runOnlyForDeploymentPostprocessing = 0;
			shellPath = /bin/sh;
			shellScript = "diff \"${PODS_PODFILE_DIR_PATH}/Podfile.lock\" \"${PODS_ROOT}/Manifest.lock\" > /dev/null\nif [ $? != 0 ] ; then\n    # print error to STDERR\n    echo \"error: The sandbox is not in sync with the Podfile.lock. Run 'pod install' or update your CocoaPods installation.\" >&2\n    exit 1\nfi\n";
			showEnvVarsInLog = 0;
		};
		3DC8530EB953EE347A862E2D /* [CP] Check Pods Manifest.lock */ = {
			isa = PBXShellScriptBuildPhase;
			buildActionMask = 2147483647;
			files = (
			);
			inputPaths = (
			);
			name = "[CP] Check Pods Manifest.lock";
			outputPaths = (
			);
			runOnlyForDeploymentPostprocessing = 0;
			shellPath = /bin/sh;
			shellScript = "diff \"${PODS_PODFILE_DIR_PATH}/Podfile.lock\" \"${PODS_ROOT}/Manifest.lock\" > /dev/null\nif [ $? != 0 ] ; then\n    # print error to STDERR\n    echo \"error: The sandbox is not in sync with the Podfile.lock. Run 'pod install' or update your CocoaPods installation.\" >&2\n    exit 1\nfi\n";
			showEnvVarsInLog = 0;
		};
		603579EF2DEE0CA56A23D3F0 /* [CP] Embed Pods Frameworks */ = {
			isa = PBXShellScriptBuildPhase;
			buildActionMask = 2147483647;
			files = (
			);
			inputPaths = (
			);
			name = "[CP] Embed Pods Frameworks";
			outputPaths = (
			);
			runOnlyForDeploymentPostprocessing = 0;
			shellPath = /bin/sh;
			shellScript = "\"${SRCROOT}/Pods/Target Support Files/Pods-instagramUITests/Pods-instagramUITests-frameworks.sh\"\n";
			showEnvVarsInLog = 0;
		};
		61D201EA7F312B4AC5097D6C /* [CP] Copy Pods Resources */ = {
			isa = PBXShellScriptBuildPhase;
			buildActionMask = 2147483647;
			files = (
			);
			inputPaths = (
			);
			name = "[CP] Copy Pods Resources";
			outputPaths = (
			);
			runOnlyForDeploymentPostprocessing = 0;
			shellPath = /bin/sh;
			shellScript = "\"${SRCROOT}/Pods/Target Support Files/Pods-instagramTests/Pods-instagramTests-resources.sh\"\n";
			showEnvVarsInLog = 0;
		};
		A0C2D6931CE3FCAA39F80CAB /* [CP] Copy Pods Resources */ = {
			isa = PBXShellScriptBuildPhase;
			buildActionMask = 2147483647;
			files = (
			);
			inputPaths = (
			);
			name = "[CP] Copy Pods Resources";
			outputPaths = (
			);
			runOnlyForDeploymentPostprocessing = 0;
			shellPath = /bin/sh;
			shellScript = "\"${SRCROOT}/Pods/Target Support Files/Pods-instagram/Pods-instagram-resources.sh\"\n";
			showEnvVarsInLog = 0;
		};
		BCB7B89B593D34562F44CEE4 /* [CP] Check Pods Manifest.lock */ = {
			isa = PBXShellScriptBuildPhase;
			buildActionMask = 2147483647;
			files = (
			);
			inputPaths = (
			);
			name = "[CP] Check Pods Manifest.lock";
			outputPaths = (
			);
			runOnlyForDeploymentPostprocessing = 0;
			shellPath = /bin/sh;
			shellScript = "diff \"${PODS_PODFILE_DIR_PATH}/Podfile.lock\" \"${PODS_ROOT}/Manifest.lock\" > /dev/null\nif [ $? != 0 ] ; then\n    # print error to STDERR\n    echo \"error: The sandbox is not in sync with the Podfile.lock. Run 'pod install' or update your CocoaPods installation.\" >&2\n    exit 1\nfi\n";
			showEnvVarsInLog = 0;
		};
		C3C7F3960567C23AA04653EB /* [CP] Copy Pods Resources */ = {
			isa = PBXShellScriptBuildPhase;
			buildActionMask = 2147483647;
			files = (
			);
			inputPaths = (
			);
			name = "[CP] Copy Pods Resources";
			outputPaths = (
			);
			runOnlyForDeploymentPostprocessing = 0;
			shellPath = /bin/sh;
			shellScript = "\"${SRCROOT}/Pods/Target Support Files/Pods-instagramUITests/Pods-instagramUITests-resources.sh\"\n";
			showEnvVarsInLog = 0;
		};
		FFAA82D71B5AC73C3A03A530 /* [CP] Embed Pods Frameworks */ = {
			isa = PBXShellScriptBuildPhase;
			buildActionMask = 2147483647;
			files = (
			);
			inputPaths = (
			);
			name = "[CP] Embed Pods Frameworks";
			outputPaths = (
			);
			runOnlyForDeploymentPostprocessing = 0;
			shellPath = /bin/sh;
			shellScript = "\"${SRCROOT}/Pods/Target Support Files/Pods-instagram/Pods-instagram-frameworks.sh\"\n";
			showEnvVarsInLog = 0;
		};
/* End PBXShellScriptBuildPhase section */

/* Begin PBXSourcesBuildPhase section */
		F9FCB6811F0311A4005EDAE5 /* Sources */ = {
			isa = PBXSourcesBuildPhase;
			buildActionMask = 2147483647;
			files = (
				F94012F01F05630E001B4ECF /* DetailViewController.swift in Sources */,
				F9FCB6BD1F035BD5005EDAE5 /* SignUpViewController.swift in Sources */,
				F94012EE1F046730001B4ECF /* InstaCell.swift in Sources */,
				F9FCB6B71F031A0A005EDAE5 /* LoginViewController.swift in Sources */,
				F94012F41F05C5C9001B4ECF /* ComposeViewController.swift in Sources */,
				F9FCB6C11F042C6B005EDAE5 /* ProfileViewController.swift in Sources */,
				F9FCB6891F0311A4005EDAE5 /* AppDelegate.swift in Sources */,
				F94012EC1F046617001B4ECF /* Post.swift in Sources */,
				F9FCB6BF1F041143005EDAE5 /* MainViewController.swift in Sources */,
			);
			runOnlyForDeploymentPostprocessing = 0;
		};
		F9FCB6951F0311A4005EDAE5 /* Sources */ = {
			isa = PBXSourcesBuildPhase;
			buildActionMask = 2147483647;
			files = (
				F9FCB69E1F0311A4005EDAE5 /* instagramTests.swift in Sources */,
			);
			runOnlyForDeploymentPostprocessing = 0;
		};
		F9FCB6A01F0311A4005EDAE5 /* Sources */ = {
			isa = PBXSourcesBuildPhase;
			buildActionMask = 2147483647;
			files = (
				F9FCB6A91F0311A4005EDAE5 /* instagramUITests.swift in Sources */,
			);
			runOnlyForDeploymentPostprocessing = 0;
		};
/* End PBXSourcesBuildPhase section */

/* Begin PBXTargetDependency section */
		F9FCB69B1F0311A4005EDAE5 /* PBXTargetDependency */ = {
			isa = PBXTargetDependency;
			target = F9FCB6841F0311A4005EDAE5 /* instagram */;
			targetProxy = F9FCB69A1F0311A4005EDAE5 /* PBXContainerItemProxy */;
		};
		F9FCB6A61F0311A4005EDAE5 /* PBXTargetDependency */ = {
			isa = PBXTargetDependency;
			target = F9FCB6841F0311A4005EDAE5 /* instagram */;
			targetProxy = F9FCB6A51F0311A4005EDAE5 /* PBXContainerItemProxy */;
		};
/* End PBXTargetDependency section */

/* Begin PBXVariantGroup section */
		F9FCB68C1F0311A4005EDAE5 /* Main.storyboard */ = {
			isa = PBXVariantGroup;
			children = (
				F9FCB68D1F0311A4005EDAE5 /* Base */,
			);
			name = Main.storyboard;
			sourceTree = "<group>";
		};
		F9FCB6911F0311A4005EDAE5 /* LaunchScreen.storyboard */ = {
			isa = PBXVariantGroup;
			children = (
				F9FCB6921F0311A4005EDAE5 /* Base */,
			);
			name = LaunchScreen.storyboard;
			sourceTree = "<group>";
		};
/* End PBXVariantGroup section */

/* Begin XCBuildConfiguration section */
		F9FCB6AB1F0311A4005EDAE5 /* Debug */ = {
			isa = XCBuildConfiguration;
			buildSettings = {
				ALWAYS_SEARCH_USER_PATHS = NO;
				CLANG_ANALYZER_NONNULL = YES;
				CLANG_ANALYZER_NUMBER_OBJECT_CONVERSION = YES_AGGRESSIVE;
				CLANG_CXX_LANGUAGE_STANDARD = "gnu++0x";
				CLANG_CXX_LIBRARY = "libc++";
				CLANG_ENABLE_MODULES = YES;
				CLANG_ENABLE_OBJC_ARC = YES;
				CLANG_WARN_BOOL_CONVERSION = YES;
				CLANG_WARN_CONSTANT_CONVERSION = YES;
				CLANG_WARN_DIRECT_OBJC_ISA_USAGE = YES_ERROR;
				CLANG_WARN_DOCUMENTATION_COMMENTS = YES;
				CLANG_WARN_EMPTY_BODY = YES;
				CLANG_WARN_ENUM_CONVERSION = YES;
				CLANG_WARN_INFINITE_RECURSION = YES;
				CLANG_WARN_INT_CONVERSION = YES;
				CLANG_WARN_OBJC_ROOT_CLASS = YES_ERROR;
				CLANG_WARN_SUSPICIOUS_MOVE = YES;
				CLANG_WARN_UNREACHABLE_CODE = YES;
				CLANG_WARN__DUPLICATE_METHOD_MATCH = YES;
				"CODE_SIGN_IDENTITY[sdk=iphoneos*]" = "iPhone Developer";
				COPY_PHASE_STRIP = NO;
				DEBUG_INFORMATION_FORMAT = dwarf;
				ENABLE_STRICT_OBJC_MSGSEND = YES;
				ENABLE_TESTABILITY = YES;
				GCC_C_LANGUAGE_STANDARD = gnu99;
				GCC_DYNAMIC_NO_PIC = NO;
				GCC_NO_COMMON_BLOCKS = YES;
				GCC_OPTIMIZATION_LEVEL = 0;
				GCC_PREPROCESSOR_DEFINITIONS = (
					"DEBUG=1",
					"$(inherited)",
				);
				GCC_WARN_64_TO_32_BIT_CONVERSION = YES;
				GCC_WARN_ABOUT_RETURN_TYPE = YES_ERROR;
				GCC_WARN_UNDECLARED_SELECTOR = YES;
				GCC_WARN_UNINITIALIZED_AUTOS = YES_AGGRESSIVE;
				GCC_WARN_UNUSED_FUNCTION = YES;
				GCC_WARN_UNUSED_VARIABLE = YES;
				IPHONEOS_DEPLOYMENT_TARGET = 10.3;
				MTL_ENABLE_DEBUG_INFO = YES;
				ONLY_ACTIVE_ARCH = YES;
				SDKROOT = iphoneos;
				SWIFT_ACTIVE_COMPILATION_CONDITIONS = DEBUG;
				SWIFT_OPTIMIZATION_LEVEL = "-Onone";
			};
			name = Debug;
		};
		F9FCB6AC1F0311A4005EDAE5 /* Release */ = {
			isa = XCBuildConfiguration;
			buildSettings = {
				ALWAYS_SEARCH_USER_PATHS = NO;
				CLANG_ANALYZER_NONNULL = YES;
				CLANG_ANALYZER_NUMBER_OBJECT_CONVERSION = YES_AGGRESSIVE;
				CLANG_CXX_LANGUAGE_STANDARD = "gnu++0x";
				CLANG_CXX_LIBRARY = "libc++";
				CLANG_ENABLE_MODULES = YES;
				CLANG_ENABLE_OBJC_ARC = YES;
				CLANG_WARN_BOOL_CONVERSION = YES;
				CLANG_WARN_CONSTANT_CONVERSION = YES;
				CLANG_WARN_DIRECT_OBJC_ISA_USAGE = YES_ERROR;
				CLANG_WARN_DOCUMENTATION_COMMENTS = YES;
				CLANG_WARN_EMPTY_BODY = YES;
				CLANG_WARN_ENUM_CONVERSION = YES;
				CLANG_WARN_INFINITE_RECURSION = YES;
				CLANG_WARN_INT_CONVERSION = YES;
				CLANG_WARN_OBJC_ROOT_CLASS = YES_ERROR;
				CLANG_WARN_SUSPICIOUS_MOVE = YES;
				CLANG_WARN_UNREACHABLE_CODE = YES;
				CLANG_WARN__DUPLICATE_METHOD_MATCH = YES;
				"CODE_SIGN_IDENTITY[sdk=iphoneos*]" = "iPhone Developer";
				COPY_PHASE_STRIP = NO;
				DEBUG_INFORMATION_FORMAT = "dwarf-with-dsym";
				ENABLE_NS_ASSERTIONS = NO;
				ENABLE_STRICT_OBJC_MSGSEND = YES;
				GCC_C_LANGUAGE_STANDARD = gnu99;
				GCC_NO_COMMON_BLOCKS = YES;
				GCC_WARN_64_TO_32_BIT_CONVERSION = YES;
				GCC_WARN_ABOUT_RETURN_TYPE = YES_ERROR;
				GCC_WARN_UNDECLARED_SELECTOR = YES;
				GCC_WARN_UNINITIALIZED_AUTOS = YES_AGGRESSIVE;
				GCC_WARN_UNUSED_FUNCTION = YES;
				GCC_WARN_UNUSED_VARIABLE = YES;
				IPHONEOS_DEPLOYMENT_TARGET = 10.3;
				MTL_ENABLE_DEBUG_INFO = NO;
				SDKROOT = iphoneos;
				SWIFT_OPTIMIZATION_LEVEL = "-Owholemodule";
				VALIDATE_PRODUCT = YES;
			};
			name = Release;
		};
		F9FCB6AE1F0311A4005EDAE5 /* Debug */ = {
			isa = XCBuildConfiguration;
			baseConfigurationReference = B5643448A8316B83B4F769E0 /* Pods-instagram.debug.xcconfig */;
			buildSettings = {
				ASSETCATALOG_COMPILER_APPICON_NAME = AppIcon;
				DEVELOPMENT_TEAM = 8X82DZHRTK;
				INFOPLIST_FILE = instagram/Info.plist;
				LD_RUNPATH_SEARCH_PATHS = "$(inherited) @executable_path/Frameworks";
				PRODUCT_BUNDLE_IDENTIFIER = com.Chavane.instagram;
				PRODUCT_NAME = "$(TARGET_NAME)";
				SWIFT_VERSION = 3.0;
			};
			name = Debug;
		};
		F9FCB6AF1F0311A4005EDAE5 /* Release */ = {
			isa = XCBuildConfiguration;
			baseConfigurationReference = DF3941B45635BA6A0D5544AD /* Pods-instagram.release.xcconfig */;
			buildSettings = {
				ASSETCATALOG_COMPILER_APPICON_NAME = AppIcon;
				DEVELOPMENT_TEAM = 8X82DZHRTK;
				INFOPLIST_FILE = instagram/Info.plist;
				LD_RUNPATH_SEARCH_PATHS = "$(inherited) @executable_path/Frameworks";
				PRODUCT_BUNDLE_IDENTIFIER = com.Chavane.instagram;
				PRODUCT_NAME = "$(TARGET_NAME)";
				SWIFT_VERSION = 3.0;
			};
			name = Release;
		};
		F9FCB6B11F0311A4005EDAE5 /* Debug */ = {
			isa = XCBuildConfiguration;
			baseConfigurationReference = 4D535E1B75A54BDA3389D78F /* Pods-instagramTests.debug.xcconfig */;
			buildSettings = {
				ALWAYS_EMBED_SWIFT_STANDARD_LIBRARIES = YES;
				BUNDLE_LOADER = "$(TEST_HOST)";
				INFOPLIST_FILE = instagramTests/Info.plist;
				LD_RUNPATH_SEARCH_PATHS = "$(inherited) @executable_path/Frameworks @loader_path/Frameworks";
				PRODUCT_BUNDLE_IDENTIFIER = com.Chavane.instagramTests;
				PRODUCT_NAME = "$(TARGET_NAME)";
				SWIFT_VERSION = 3.0;
				TEST_HOST = "$(BUILT_PRODUCTS_DIR)/instagram.app/instagram";
			};
			name = Debug;
		};
		F9FCB6B21F0311A4005EDAE5 /* Release */ = {
			isa = XCBuildConfiguration;
			baseConfigurationReference = CA264EEE66F8EABE039E4618 /* Pods-instagramTests.release.xcconfig */;
			buildSettings = {
				ALWAYS_EMBED_SWIFT_STANDARD_LIBRARIES = YES;
				BUNDLE_LOADER = "$(TEST_HOST)";
				INFOPLIST_FILE = instagramTests/Info.plist;
				LD_RUNPATH_SEARCH_PATHS = "$(inherited) @executable_path/Frameworks @loader_path/Frameworks";
				PRODUCT_BUNDLE_IDENTIFIER = com.Chavane.instagramTests;
				PRODUCT_NAME = "$(TARGET_NAME)";
				SWIFT_VERSION = 3.0;
				TEST_HOST = "$(BUILT_PRODUCTS_DIR)/instagram.app/instagram";
			};
			name = Release;
		};
		F9FCB6B41F0311A4005EDAE5 /* Debug */ = {
			isa = XCBuildConfiguration;
			baseConfigurationReference = D72605E6D840C87FEC5F9CA8 /* Pods-instagramUITests.debug.xcconfig */;
			buildSettings = {
				ALWAYS_EMBED_SWIFT_STANDARD_LIBRARIES = YES;
				INFOPLIST_FILE = instagramUITests/Info.plist;
				LD_RUNPATH_SEARCH_PATHS = "$(inherited) @executable_path/Frameworks @loader_path/Frameworks";
				PRODUCT_BUNDLE_IDENTIFIER = com.Chavane.instagramUITests;
				PRODUCT_NAME = "$(TARGET_NAME)";
				SWIFT_VERSION = 3.0;
				TEST_TARGET_NAME = instagram;
			};
			name = Debug;
		};
		F9FCB6B51F0311A4005EDAE5 /* Release */ = {
			isa = XCBuildConfiguration;
			baseConfigurationReference = 606E298E891EA870297C083E /* Pods-instagramUITests.release.xcconfig */;
			buildSettings = {
				ALWAYS_EMBED_SWIFT_STANDARD_LIBRARIES = YES;
				INFOPLIST_FILE = instagramUITests/Info.plist;
				LD_RUNPATH_SEARCH_PATHS = "$(inherited) @executable_path/Frameworks @loader_path/Frameworks";
				PRODUCT_BUNDLE_IDENTIFIER = com.Chavane.instagramUITests;
				PRODUCT_NAME = "$(TARGET_NAME)";
				SWIFT_VERSION = 3.0;
				TEST_TARGET_NAME = instagram;
			};
			name = Release;
		};
/* End XCBuildConfiguration section */

/* Begin XCConfigurationList section */
		F9FCB6801F0311A4005EDAE5 /* Build configuration list for PBXProject "instagram" */ = {
			isa = XCConfigurationList;
			buildConfigurations = (
				F9FCB6AB1F0311A4005EDAE5 /* Debug */,
				F9FCB6AC1F0311A4005EDAE5 /* Release */,
			);
			defaultConfigurationIsVisible = 0;
			defaultConfigurationName = Release;
		};
		F9FCB6AD1F0311A4005EDAE5 /* Build configuration list for PBXNativeTarget "instagram" */ = {
			isa = XCConfigurationList;
			buildConfigurations = (
				F9FCB6AE1F0311A4005EDAE5 /* Debug */,
				F9FCB6AF1F0311A4005EDAE5 /* Release */,
			);
			defaultConfigurationIsVisible = 0;
			defaultConfigurationName = Release;
		};
		F9FCB6B01F0311A4005EDAE5 /* Build configuration list for PBXNativeTarget "instagramTests" */ = {
			isa = XCConfigurationList;
			buildConfigurations = (
				F9FCB6B11F0311A4005EDAE5 /* Debug */,
				F9FCB6B21F0311A4005EDAE5 /* Release */,
			);
			defaultConfigurationIsVisible = 0;
			defaultConfigurationName = Release;
		};
		F9FCB6B31F0311A4005EDAE5 /* Build configuration list for PBXNativeTarget "instagramUITests" */ = {
			isa = XCConfigurationList;
			buildConfigurations = (
				F9FCB6B41F0311A4005EDAE5 /* Debug */,
				F9FCB6B51F0311A4005EDAE5 /* Release */,
			);
			defaultConfigurationIsVisible = 0;
			defaultConfigurationName = Release;
		};
/* End XCConfigurationList section */
	};
	rootObject = F9FCB67D1F0311A4005EDAE5 /* Project object */;
}
